// !$*UTF8*$!
{
	archiveVersion = 1;
	classes = {
	};
	objectVersion = 46;
	objects = {

/* Begin PBXBuildFile section */
		019C7FD8A0674EA78DED51CA /* apple.png in Resources */ = {isa = PBXBuildFile; fileRef = B26373ACD86649228363E4F1 /* apple.png */; };
		02E89F1421ED43788D1219CB /* unchecked_white@2x.png in Resources */ = {isa = PBXBuildFile; fileRef = 157930BD1E114DFB8AE0FE1D /* unchecked_white@2x.png */; };
		06143F2AA32E4A15ADF9EADC /* NativeScriptEmbedder.m in Sources */ = {isa = PBXBuildFile; fileRef = F59497BF88D1486C8624D430 /* NativeScriptEmbedder.m */; };
		06410BA0B6064FC082D1D6D5 /* checked@2x.png in Resources */ = {isa = PBXBuildFile; fileRef = DF751C1ACE384DEDAE0AA1C9 /* checked@2x.png */; };
		0E8EE04C799044B8A14AA9FF /* banana@3x.png in Resources */ = {isa = PBXBuildFile; fileRef = 8FBCE7510084416B8505DF5F /* banana@3x.png */; };
		159233D492D64452840CD188 /* logo_login@3x.png in Resources */ = {isa = PBXBuildFile; fileRef = 063041B3320045A199430A2E /* logo_login@3x.png */; };
		1DCAD963EBAB428187E9DC4B /* pear@2x.png in Resources */ = {isa = PBXBuildFile; fileRef = 0BC187009B3F48AA90983AFA /* pear@2x.png */; };
		222B0D374A084E38915FB518 /* menu@3x.png in Resources */ = {isa = PBXBuildFile; fileRef = 2FEB05E6EA5B4EE397056721 /* menu@3x.png */; };
		224D81D8B99B497DA7FC5482 /* apple@3x.png in Resources */ = {isa = PBXBuildFile; fileRef = 7E4AF92539F6411F8A887F02 /* apple@3x.png */; };
		2378593E92CD450E92485549 /* logo_signup.png in Resources */ = {isa = PBXBuildFile; fileRef = BE50A0460A2D495ABC87380D /* logo_signup.png */; };
		26203F4553674CF0845F1020 /* logo_login@2x.png in Resources */ = {isa = PBXBuildFile; fileRef = 9C5F0490D7A04358B7F006AF /* logo_login@2x.png */; };
		380A119BE7D44CE6A2AECE8E /* unchecked@3x.png in Resources */ = {isa = PBXBuildFile; fileRef = 9C05470A213F4F278F765F73 /* unchecked@3x.png */; };
		3F765B886023401481C7F2E1 /* unchecked_white@3x.png in Resources */ = {isa = PBXBuildFile; fileRef = 3F873A6E8BE643E0B881CB0B /* unchecked_white@3x.png */; };
		433709FC2ACC4746BEDC883A /* checked_white@2x.png in Resources */ = {isa = PBXBuildFile; fileRef = 6B6A76E57EDD43D9B8F7CFF9 /* checked_white@2x.png */; };
		43563E6883F24B11A12D3A43 /* bg_login@2x.jpg in Resources */ = {isa = PBXBuildFile; fileRef = 90CA432DD8B44DC4858F6F63 /* bg_login@2x.jpg */; };
		480457FCB7D74D679CED464E /* add.png in Resources */ = {isa = PBXBuildFile; fileRef = 89136E8132144AFF99359B5E /* add.png */; };
		48860D79902540B49D66304A /* delete@3x.png in Resources */ = {isa = PBXBuildFile; fileRef = DD080949C2DD42B08EE9701E /* delete@3x.png */; };
		5B53DBF35B66415E8CA96134 /* unchecked@2x.png in Resources */ = {isa = PBXBuildFile; fileRef = 8FF2DDBE62094962B9074505 /* unchecked@2x.png */; };
		5D50442981524A339924D7E4 /* checked_white.png in Resources */ = {isa = PBXBuildFile; fileRef = 4B8BF001885C481B8053E07B /* checked_white.png */; };
		663DA42B2BCE4A3D8B0E7FD1 /* unchecked_white.png in Resources */ = {isa = PBXBuildFile; fileRef = 14394A510BC24F6FA8BA5349 /* unchecked_white.png */; };
		6C9129C86C9545A8815CACF5 /* unchecked.png in Resources */ = {isa = PBXBuildFile; fileRef = 76329797EA344EF69D9A9D44 /* unchecked.png */; };
		7422075F1B59463EA8B1A4A9 /* Assets.xcassets in Resources */ = {isa = PBXBuildFile; fileRef = DA21A9C1455B4ED98FF68A7F /* Assets.xcassets */; };
		7AB2B12ABB05430981BE1277 /* pear@3x.png in Resources */ = {isa = PBXBuildFile; fileRef = 69F44B4B9EEF45B697C43373 /* pear@3x.png */; };
		7AF5C5B7D7B84A32A74ECEF4 /* nonselected.png in Resources */ = {isa = PBXBuildFile; fileRef = 29E8CBD411FD4AF4892866E8 /* nonselected.png */; };
		7D1BD58E9A804EFBAFAA2250 /* selected@3x.png in Resources */ = {isa = PBXBuildFile; fileRef = 99177E87199E45BA89631853 /* selected@3x.png */; };
		7E8A49D8090A4868A9FC6F6B /* menu.png in Resources */ = {isa = PBXBuildFile; fileRef = 317D120BE5444435A90D9230 /* menu.png */; };
		80118F6ED2EA4E65BCBB7A1C /* recent@3x.png in Resources */ = {isa = PBXBuildFile; fileRef = E21A2CE428DF403CB0DEE4BA /* recent@3x.png */; };
		82147404CAA340758D5BD020 /* add@3x.png in Resources */ = {isa = PBXBuildFile; fileRef = 63D59AB7260F413BBC2C76AF /* add@3x.png */; };
		858B842D18CA22B800AB12DE /* InfoPlist.strings in Resources */ = {isa = PBXBuildFile; fileRef = 858B833A18CA111C00AB12DE /* InfoPlist.strings */; };
		8BD35BD8A55F42DEA9858BA7 /* nonselected@3x.png in Resources */ = {isa = PBXBuildFile; fileRef = 8AA757145D8642028884FFF8 /* nonselected@3x.png */; };
		903F114D9B354B668A1AD310 /* logo_signup@2x.png in Resources */ = {isa = PBXBuildFile; fileRef = EFEBD881102343E6BCCE01D0 /* logo_signup@2x.png */; };
		937ED11F18F44000BED5DE49 /* selected.png in Resources */ = {isa = PBXBuildFile; fileRef = ECBA2604DA4F40F6AC05098C /* selected.png */; };
		93E24B8D49E64056AD8A09A6 /* bg_inner.jpg in Resources */ = {isa = PBXBuildFile; fileRef = BC02B96CC9274AC59E1C41BC /* bg_inner.jpg */; };
		9B0B5B8B5FD545FBB872EAD5 /* checked_white@3x.png in Resources */ = {isa = PBXBuildFile; fileRef = FD65C1A6C5A34E3B9112D014 /* checked_white@3x.png */; };
		A348B3BE86BC49558C6A9471 /* selected@2x.png in Resources */ = {isa = PBXBuildFile; fileRef = 9A125D4FA04148FDBDF1C63A /* selected@2x.png */; };
		A7603CACEC02420B9E1AE9EF /* bg_inner@3x.jpg in Resources */ = {isa = PBXBuildFile; fileRef = DEDC35042C844F83986C7FD9 /* bg_inner@3x.jpg */; };
		B2EF0500E220439695F426F0 /* delete@2x.png in Resources */ = {isa = PBXBuildFile; fileRef = 4B58DF2A2FE14904A69BBDB8 /* delete@2x.png */; };
		B5D3AE26BBB943A698A57980 /* banana.png in Resources */ = {isa = PBXBuildFile; fileRef = 3DC7B08F3B84453AAA030660 /* banana.png */; };
		B84F004E8C9841248B1D8F7B /* apple@2x.png in Resources */ = {isa = PBXBuildFile; fileRef = 90D4D27E910C4B37B63E328F /* apple@2x.png */; };
		BA28386D641F4171A79FAD62 /* recent@2x.png in Resources */ = {isa = PBXBuildFile; fileRef = DFDD01FE91794C7E932B6416 /* recent@2x.png */; };
		BD34F1E7C8C443538DE2DDB4 /* TNSWidgets.framework in Frameworks */ = {isa = PBXBuildFile; fileRef = 552913C6081049379D5C64D5 /* TNSWidgets.framework */; };
		C0E0501469D74AF79422E986 /* bg_login.jpg in Resources */ = {isa = PBXBuildFile; fileRef = CC35E0A74F81434CBBB3EE2A /* bg_login.jpg */; };
		C1637F9670E442B79D963B96 /* bg_login@3x.jpg in Resources */ = {isa = PBXBuildFile; fileRef = 44FB80FF6B8348639C7BAA10 /* bg_login@3x.jpg */; };
		C21AB85FCD3042B798930AC1 /* TNSWidgets.framework in Embed Frameworks */ = {isa = PBXBuildFile; fileRef = 552913C6081049379D5C64D5 /* TNSWidgets.framework */; };
		C57AEAFE197144FEB96E67DB /* pear.png in Resources */ = {isa = PBXBuildFile; fileRef = 96274A6D43084FEC8F0AA7E5 /* pear.png */; };
		C7A40696F30E46C89EA126E8 /* checked@3x.png in Resources */ = {isa = PBXBuildFile; fileRef = F141C89CA79C4760B61178EA /* checked@3x.png */; };
		CD45EE7C18DC2D5800FB50C0 /* app in Resources */ = {isa = PBXBuildFile; fileRef = CD45EE7A18DC2D5800FB50C0 /* app */; };
		CD62955D1BB2678900AE3A93 /* main.m in Sources */ = {isa = PBXBuildFile; fileRef = CD62955C1BB2678900AE3A93 /* main.m */; };
		CDF40BB987D20B5E8C59F83C /* Pods_ProblemSolver.framework in Frameworks */ = {isa = PBXBuildFile; fileRef = 9F93B5067C88AAA9C2229CC1 /* Pods_ProblemSolver.framework */; };
		D05127470801423E9D4A4ED4 /* recent.png in Resources */ = {isa = PBXBuildFile; fileRef = 1AA30DC2CE1343849B1D8912 /* recent.png */; };
		D4670DFE0D8B4371B6A60BF0 /* build.xcconfig in Resources */ = {isa = PBXBuildFile; fileRef = 071A2BC56C4E46588FCDF5F4 /* build.xcconfig */; };
		DFF44BE222E14382AFF1AF36 /* logo_login.png in Resources */ = {isa = PBXBuildFile; fileRef = 50B30B7E653B4F2CBBD743B5 /* logo_login.png */; };
		E3075A1F66024626BB07CEC4 /* logo_signup@3x.png in Resources */ = {isa = PBXBuildFile; fileRef = 51E81AAE91CC4C0781EEA523 /* logo_signup@3x.png */; };
		E44C782658354BD2AA767C4B /* add@2x.png in Resources */ = {isa = PBXBuildFile; fileRef = 2CCBEA89A4E447F680864191 /* add@2x.png */; };
		E484245AF13B4165BF8FCF0A /* menu@2x.png in Resources */ = {isa = PBXBuildFile; fileRef = 686D27EEAC84422083F5F551 /* menu@2x.png */; };
		EABFB65F1374442289FF1F0B /* nonselected@2x.png in Resources */ = {isa = PBXBuildFile; fileRef = BB2269DCFC3041B98ADE2E2F /* nonselected@2x.png */; };
		EFAFB9D5D4074E979C46F646 /* LaunchScreen.storyboard in Resources */ = {isa = PBXBuildFile; fileRef = 99B962368AAD4B0EA1A2E3FD /* LaunchScreen.storyboard */; };
		FCE81615D8694AD6885A701B /* bg_inner@2x.jpg in Resources */ = {isa = PBXBuildFile; fileRef = 2A12C191D68C4740A1AFCA77 /* bg_inner@2x.jpg */; };
		FDEE2A7C83944B88B3295BA0 /* checked.png in Resources */ = {isa = PBXBuildFile; fileRef = 1EC8796F9C3C411D8DFDA7BC /* checked.png */; };
		FE1F4A4D02D448138AD1612D /* delete.png in Resources */ = {isa = PBXBuildFile; fileRef = BFDD4FA3EDFB4608B6A80188 /* delete.png */; };
		FEAE800834614773BBA761AC /* banana@2x.png in Resources */ = {isa = PBXBuildFile; fileRef = 42E98184EECB4585AE1BDEBD /* banana@2x.png */; };
/* End PBXBuildFile section */

/* Begin PBXCopyFilesBuildPhase section */
		85F5BDFC1A9363BE006B9701 /* Embed Frameworks */ = {
			isa = PBXCopyFilesBuildPhase;
			buildActionMask = 2147483647;
			dstPath = "";
			dstSubfolderSpec = 10;
			files = (
				C21AB85FCD3042B798930AC1 /* TNSWidgets.framework in Embed Frameworks */,
			);
			name = "Embed Frameworks";
			runOnlyForDeploymentPostprocessing = 0;
		};
/* End PBXCopyFilesBuildPhase section */

/* Begin PBXFileReference section */
		063041B3320045A199430A2E /* logo_login@3x.png */ = {isa = PBXFileReference; explicitFileType = undefined; fileEncoding = undefined; includeInIndex = 0; lastKnownFileType = image.png; name = "logo_login@3x.png"; path = "ProblemSolver/Resources/logo_login@3x.png"; sourceTree = "<group>"; };
		071A2BC56C4E46588FCDF5F4 /* build.xcconfig */ = {isa = PBXFileReference; explicitFileType = undefined; fileEncoding = 4; includeInIndex = 0; lastKnownFileType = text.xcconfig; name = build.xcconfig; path = ProblemSolver/Resources/build.xcconfig; sourceTree = "<group>"; };
		0BC187009B3F48AA90983AFA /* pear@2x.png */ = {isa = PBXFileReference; explicitFileType = undefined; fileEncoding = undefined; includeInIndex = 0; lastKnownFileType = image.png; name = "pear@2x.png"; path = "ProblemSolver/Resources/pear@2x.png"; sourceTree = "<group>"; };
		14394A510BC24F6FA8BA5349 /* unchecked_white.png */ = {isa = PBXFileReference; explicitFileType = undefined; fileEncoding = undefined; includeInIndex = 0; lastKnownFileType = image.png; name = unchecked_white.png; path = ProblemSolver/Resources/unchecked_white.png; sourceTree = "<group>"; };
		157930BD1E114DFB8AE0FE1D /* unchecked_white@2x.png */ = {isa = PBXFileReference; explicitFileType = undefined; fileEncoding = undefined; includeInIndex = 0; lastKnownFileType = image.png; name = "unchecked_white@2x.png"; path = "ProblemSolver/Resources/unchecked_white@2x.png"; sourceTree = "<group>"; };
		1AA30DC2CE1343849B1D8912 /* recent.png */ = {isa = PBXFileReference; explicitFileType = undefined; fileEncoding = undefined; includeInIndex = 0; lastKnownFileType = image.png; name = recent.png; path = ProblemSolver/Resources/recent.png; sourceTree = "<group>"; };
		1EC8796F9C3C411D8DFDA7BC /* checked.png */ = {isa = PBXFileReference; explicitFileType = undefined; fileEncoding = undefined; includeInIndex = 0; lastKnownFileType = image.png; name = checked.png; path = ProblemSolver/Resources/checked.png; sourceTree = "<group>"; };
		29E8CBD411FD4AF4892866E8 /* nonselected.png */ = {isa = PBXFileReference; explicitFileType = undefined; fileEncoding = undefined; includeInIndex = 0; lastKnownFileType = image.png; name = nonselected.png; path = ProblemSolver/Resources/nonselected.png; sourceTree = "<group>"; };
		2A12C191D68C4740A1AFCA77 /* bg_inner@2x.jpg */ = {isa = PBXFileReference; explicitFileType = undefined; fileEncoding = undefined; includeInIndex = 0; lastKnownFileType = unknown; name = "bg_inner@2x.jpg"; path = "ProblemSolver/Resources/bg_inner@2x.jpg"; sourceTree = "<group>"; };
		2CCBEA89A4E447F680864191 /* add@2x.png */ = {isa = PBXFileReference; explicitFileType = undefined; fileEncoding = undefined; includeInIndex = 0; lastKnownFileType = image.png; name = "add@2x.png"; path = "ProblemSolver/Resources/add@2x.png"; sourceTree = "<group>"; };
		2FEB05E6EA5B4EE397056721 /* menu@3x.png */ = {isa = PBXFileReference; explicitFileType = undefined; fileEncoding = undefined; includeInIndex = 0; lastKnownFileType = image.png; name = "menu@3x.png"; path = "ProblemSolver/Resources/menu@3x.png"; sourceTree = "<group>"; };
		317D120BE5444435A90D9230 /* menu.png */ = {isa = PBXFileReference; explicitFileType = undefined; fileEncoding = undefined; includeInIndex = 0; lastKnownFileType = image.png; name = menu.png; path = ProblemSolver/Resources/menu.png; sourceTree = "<group>"; };
		34B6CF22730B136A83E068AC /* Pods-ProblemSolver.release.xcconfig */ = {isa = PBXFileReference; includeInIndex = 1; lastKnownFileType = text.xcconfig; name = "Pods-ProblemSolver.release.xcconfig"; path = "Target Support Files/Pods-ProblemSolver/Pods-ProblemSolver.release.xcconfig"; sourceTree = "<group>"; };
		391174B321F1CBD300BA2583 /* TNSDebugging.h */ = {isa = PBXFileReference; fileEncoding = 4; lastKnownFileType = sourcecode.c.h; name = TNSDebugging.h; path = internal/TNSDebugging.h; sourceTree = SOURCE_ROOT; };
		391174B421F1CBD300BA2583 /* TNSExceptionHandler.h */ = {isa = PBXFileReference; fileEncoding = 4; lastKnownFileType = sourcecode.c.h; name = TNSExceptionHandler.h; path = internal/TNSExceptionHandler.h; sourceTree = SOURCE_ROOT; };
		391174B521F1D7BF00BA2583 /* nativescript-build.xcconfig */ = {isa = PBXFileReference; fileEncoding = 4; lastKnownFileType = text.xcconfig; name = "nativescript-build.xcconfig"; path = "internal/nativescript-build.xcconfig"; sourceTree = SOURCE_ROOT; };
		391174B721F1D99900BA2583 /* plugins-release.xcconfig */ = {isa = PBXFileReference; fileEncoding = 4; lastKnownFileType = text.xcconfig; path = "plugins-release.xcconfig"; sourceTree = SOURCE_ROOT; };
		391174B821F1D99900BA2583 /* plugins-debug.xcconfig */ = {isa = PBXFileReference; fileEncoding = 4; lastKnownFileType = text.xcconfig; path = "plugins-debug.xcconfig"; sourceTree = SOURCE_ROOT; };
		3DC7B08F3B84453AAA030660 /* banana.png */ = {isa = PBXFileReference; explicitFileType = undefined; fileEncoding = undefined; includeInIndex = 0; lastKnownFileType = image.png; name = banana.png; path = ProblemSolver/Resources/banana.png; sourceTree = "<group>"; };
		3F873A6E8BE643E0B881CB0B /* unchecked_white@3x.png */ = {isa = PBXFileReference; explicitFileType = undefined; fileEncoding = undefined; includeInIndex = 0; lastKnownFileType = image.png; name = "unchecked_white@3x.png"; path = "ProblemSolver/Resources/unchecked_white@3x.png"; sourceTree = "<group>"; };
		42E98184EECB4585AE1BDEBD /* banana@2x.png */ = {isa = PBXFileReference; explicitFileType = undefined; fileEncoding = undefined; includeInIndex = 0; lastKnownFileType = image.png; name = "banana@2x.png"; path = "ProblemSolver/Resources/banana@2x.png"; sourceTree = "<group>"; };
		44FB80FF6B8348639C7BAA10 /* bg_login@3x.jpg */ = {isa = PBXFileReference; explicitFileType = undefined; fileEncoding = undefined; includeInIndex = 0; lastKnownFileType = unknown; name = "bg_login@3x.jpg"; path = "ProblemSolver/Resources/bg_login@3x.jpg"; sourceTree = "<group>"; };
		4B58DF2A2FE14904A69BBDB8 /* delete@2x.png */ = {isa = PBXFileReference; explicitFileType = undefined; fileEncoding = undefined; includeInIndex = 0; lastKnownFileType = image.png; name = "delete@2x.png"; path = "ProblemSolver/Resources/delete@2x.png"; sourceTree = "<group>"; };
		4B8BF001885C481B8053E07B /* checked_white.png */ = {isa = PBXFileReference; explicitFileType = undefined; fileEncoding = undefined; includeInIndex = 0; lastKnownFileType = image.png; name = checked_white.png; path = ProblemSolver/Resources/checked_white.png; sourceTree = "<group>"; };
		50B30B7E653B4F2CBBD743B5 /* logo_login.png */ = {isa = PBXFileReference; explicitFileType = undefined; fileEncoding = undefined; includeInIndex = 0; lastKnownFileType = image.png; name = logo_login.png; path = ProblemSolver/Resources/logo_login.png; sourceTree = "<group>"; };
		51E81AAE91CC4C0781EEA523 /* logo_signup@3x.png */ = {isa = PBXFileReference; explicitFileType = undefined; fileEncoding = undefined; includeInIndex = 0; lastKnownFileType = image.png; name = "logo_signup@3x.png"; path = "ProblemSolver/Resources/logo_signup@3x.png"; sourceTree = "<group>"; };
		552913C6081049379D5C64D5 /* TNSWidgets.framework */ = {isa = PBXFileReference; explicitFileType = undefined; fileEncoding = undefined; includeInIndex = 0; lastKnownFileType = wrapper.framework; name = TNSWidgets.framework; path = "$(SRCROOT)/../../node_modules/tns-core-modules-widgets/platforms/ios/TNSWidgets.framework"; sourceTree = "<group>"; };
		577DD6CA85D4EECFD664D826 /* Pods-ProblemSolver.debug.xcconfig */ = {isa = PBXFileReference; includeInIndex = 1; lastKnownFileType = text.xcconfig; name = "Pods-ProblemSolver.debug.xcconfig"; path = "Target Support Files/Pods-ProblemSolver/Pods-ProblemSolver.debug.xcconfig"; sourceTree = "<group>"; };
		63D59AB7260F413BBC2C76AF /* add@3x.png */ = {isa = PBXFileReference; explicitFileType = undefined; fileEncoding = undefined; includeInIndex = 0; lastKnownFileType = image.png; name = "add@3x.png"; path = "ProblemSolver/Resources/add@3x.png"; sourceTree = "<group>"; };
		686D27EEAC84422083F5F551 /* menu@2x.png */ = {isa = PBXFileReference; explicitFileType = undefined; fileEncoding = undefined; includeInIndex = 0; lastKnownFileType = image.png; name = "menu@2x.png"; path = "ProblemSolver/Resources/menu@2x.png"; sourceTree = "<group>"; };
		69F44B4B9EEF45B697C43373 /* pear@3x.png */ = {isa = PBXFileReference; explicitFileType = undefined; fileEncoding = undefined; includeInIndex = 0; lastKnownFileType = image.png; name = "pear@3x.png"; path = "ProblemSolver/Resources/pear@3x.png"; sourceTree = "<group>"; };
		6B6A76E57EDD43D9B8F7CFF9 /* checked_white@2x.png */ = {isa = PBXFileReference; explicitFileType = undefined; fileEncoding = undefined; includeInIndex = 0; lastKnownFileType = image.png; name = "checked_white@2x.png"; path = "ProblemSolver/Resources/checked_white@2x.png"; sourceTree = "<group>"; };
		76329797EA344EF69D9A9D44 /* unchecked.png */ = {isa = PBXFileReference; explicitFileType = undefined; fileEncoding = undefined; includeInIndex = 0; lastKnownFileType = image.png; name = unchecked.png; path = ProblemSolver/Resources/unchecked.png; sourceTree = "<group>"; };
		7E4AF92539F6411F8A887F02 /* apple@3x.png */ = {isa = PBXFileReference; explicitFileType = undefined; fileEncoding = undefined; includeInIndex = 0; lastKnownFileType = image.png; name = "apple@3x.png"; path = "ProblemSolver/Resources/apple@3x.png"; sourceTree = "<group>"; };
		858B832E18CA111C00AB12DE /* ProblemSolver.app */ = {isa = PBXFileReference; explicitFileType = wrapper.application; includeInIndex = 0; path = ProblemSolver.app; sourceTree = BUILT_PRODUCTS_DIR; };
		858B833918CA111C00AB12DE /* ProblemSolver-Info.plist */ = {isa = PBXFileReference; lastKnownFileType = text.plist.xml; path = "ProblemSolver-Info.plist"; sourceTree = "<group>"; };
		858B833B18CA111C00AB12DE /* en */ = {isa = PBXFileReference; lastKnownFileType = text.plist.strings; name = en; path = en.lproj/InfoPlist.strings; sourceTree = "<group>"; };
		858B833F18CA111C00AB12DE /* ProblemSolver-Prefix.pch */ = {isa = PBXFileReference; lastKnownFileType = sourcecode.c.h; path = "ProblemSolver-Prefix.pch"; sourceTree = "<group>"; };
		858B843318CA22B800AB12DE /* ProblemSolver.app */ = {isa = PBXFileReference; explicitFileType = wrapper.application; includeInIndex = 0; path = ProblemSolver.app; sourceTree = BUILT_PRODUCTS_DIR; };
		89136E8132144AFF99359B5E /* add.png */ = {isa = PBXFileReference; explicitFileType = undefined; fileEncoding = undefined; includeInIndex = 0; lastKnownFileType = image.png; name = add.png; path = ProblemSolver/Resources/add.png; sourceTree = "<group>"; };
		8AA757145D8642028884FFF8 /* nonselected@3x.png */ = {isa = PBXFileReference; explicitFileType = undefined; fileEncoding = undefined; includeInIndex = 0; lastKnownFileType = image.png; name = "nonselected@3x.png"; path = "ProblemSolver/Resources/nonselected@3x.png"; sourceTree = "<group>"; };
		8AAD9759C619415FADCCBA2A /* NativeScriptEmbedder.h */ = {isa = PBXFileReference; explicitFileType = undefined; fileEncoding = 4; includeInIndex = 0; lastKnownFileType = sourcecode.c.h; name = NativeScriptEmbedder.h; path = "../../node_modules/tns-core-modules/platforms/ios/src/NativeScriptEmbedder.h"; sourceTree = "<group>"; };
		8FBCE7510084416B8505DF5F /* banana@3x.png */ = {isa = PBXFileReference; explicitFileType = undefined; fileEncoding = undefined; includeInIndex = 0; lastKnownFileType = image.png; name = "banana@3x.png"; path = "ProblemSolver/Resources/banana@3x.png"; sourceTree = "<group>"; };
		8FF2DDBE62094962B9074505 /* unchecked@2x.png */ = {isa = PBXFileReference; explicitFileType = undefined; fileEncoding = undefined; includeInIndex = 0; lastKnownFileType = image.png; name = "unchecked@2x.png"; path = "ProblemSolver/Resources/unchecked@2x.png"; sourceTree = "<group>"; };
		90CA432DD8B44DC4858F6F63 /* bg_login@2x.jpg */ = {isa = PBXFileReference; explicitFileType = undefined; fileEncoding = undefined; includeInIndex = 0; lastKnownFileType = unknown; name = "bg_login@2x.jpg"; path = "ProblemSolver/Resources/bg_login@2x.jpg"; sourceTree = "<group>"; };
		90D4D27E910C4B37B63E328F /* apple@2x.png */ = {isa = PBXFileReference; explicitFileType = undefined; fileEncoding = undefined; includeInIndex = 0; lastKnownFileType = image.png; name = "apple@2x.png"; path = "ProblemSolver/Resources/apple@2x.png"; sourceTree = "<group>"; };
		930F05DB22671AE300D269DC /* Swift-ObjC-Bridging-Header.h */ = {isa = PBXFileReference; lastKnownFileType = sourcecode.c.h; name = "Swift-ObjC-Bridging-Header.h"; path = "internal/Swift-ObjC-Bridging-Header.h"; sourceTree = SOURCE_ROOT; };
		96274A6D43084FEC8F0AA7E5 /* pear.png */ = {isa = PBXFileReference; explicitFileType = undefined; fileEncoding = undefined; includeInIndex = 0; lastKnownFileType = image.png; name = pear.png; path = ProblemSolver/Resources/pear.png; sourceTree = "<group>"; };
		99177E87199E45BA89631853 /* selected@3x.png */ = {isa = PBXFileReference; explicitFileType = undefined; fileEncoding = undefined; includeInIndex = 0; lastKnownFileType = image.png; name = "selected@3x.png"; path = "ProblemSolver/Resources/selected@3x.png"; sourceTree = "<group>"; };
		99B962368AAD4B0EA1A2E3FD /* LaunchScreen.storyboard */ = {isa = PBXFileReference; explicitFileType = undefined; fileEncoding = undefined; includeInIndex = 0; lastKnownFileType = unknown; name = LaunchScreen.storyboard; path = ProblemSolver/Resources/LaunchScreen.storyboard; sourceTree = "<group>"; };
		9A125D4FA04148FDBDF1C63A /* selected@2x.png */ = {isa = PBXFileReference; explicitFileType = undefined; fileEncoding = undefined; includeInIndex = 0; lastKnownFileType = image.png; name = "selected@2x.png"; path = "ProblemSolver/Resources/selected@2x.png"; sourceTree = "<group>"; };
		9C05470A213F4F278F765F73 /* unchecked@3x.png */ = {isa = PBXFileReference; explicitFileType = undefined; fileEncoding = undefined; includeInIndex = 0; lastKnownFileType = image.png; name = "unchecked@3x.png"; path = "ProblemSolver/Resources/unchecked@3x.png"; sourceTree = "<group>"; };
		9C5F0490D7A04358B7F006AF /* logo_login@2x.png */ = {isa = PBXFileReference; explicitFileType = undefined; fileEncoding = undefined; includeInIndex = 0; lastKnownFileType = image.png; name = "logo_login@2x.png"; path = "ProblemSolver/Resources/logo_login@2x.png"; sourceTree = "<group>"; };
		9F93B5067C88AAA9C2229CC1 /* Pods_ProblemSolver.framework */ = {isa = PBXFileReference; explicitFileType = wrapper.framework; includeInIndex = 0; path = Pods_ProblemSolver.framework; sourceTree = BUILT_PRODUCTS_DIR; };
		AF7A4BF496774CCA96A18C6E /* module.modulemap */ = {isa = PBXFileReference; explicitFileType = undefined; fileEncoding = undefined; includeInIndex = 0; lastKnownFileType = "sourcecode.module-map"; name = module.modulemap; path = "../../node_modules/tns-core-modules/platforms/ios/src/module.modulemap"; sourceTree = "<group>"; };
		B26373ACD86649228363E4F1 /* apple.png */ = {isa = PBXFileReference; explicitFileType = undefined; fileEncoding = undefined; includeInIndex = 0; lastKnownFileType = image.png; name = apple.png; path = ProblemSolver/Resources/apple.png; sourceTree = "<group>"; };
		BB2269DCFC3041B98ADE2E2F /* nonselected@2x.png */ = {isa = PBXFileReference; explicitFileType = undefined; fileEncoding = undefined; includeInIndex = 0; lastKnownFileType = image.png; name = "nonselected@2x.png"; path = "ProblemSolver/Resources/nonselected@2x.png"; sourceTree = "<group>"; };
		BC02B96CC9274AC59E1C41BC /* bg_inner.jpg */ = {isa = PBXFileReference; explicitFileType = undefined; fileEncoding = undefined; includeInIndex = 0; lastKnownFileType = unknown; name = bg_inner.jpg; path = ProblemSolver/Resources/bg_inner.jpg; sourceTree = "<group>"; };
		BE50A0460A2D495ABC87380D /* logo_signup.png */ = {isa = PBXFileReference; explicitFileType = undefined; fileEncoding = undefined; includeInIndex = 0; lastKnownFileType = image.png; name = logo_signup.png; path = ProblemSolver/Resources/logo_signup.png; sourceTree = "<group>"; };
		BFDD4FA3EDFB4608B6A80188 /* delete.png */ = {isa = PBXFileReference; explicitFileType = undefined; fileEncoding = undefined; includeInIndex = 0; lastKnownFileType = image.png; name = delete.png; path = ProblemSolver/Resources/delete.png; sourceTree = "<group>"; };
		CC35E0A74F81434CBBB3EE2A /* bg_login.jpg */ = {isa = PBXFileReference; explicitFileType = undefined; fileEncoding = undefined; includeInIndex = 0; lastKnownFileType = unknown; name = bg_login.jpg; path = ProblemSolver/Resources/bg_login.jpg; sourceTree = "<group>"; };
		CD45EE7A18DC2D5800FB50C0 /* app */ = {isa = PBXFileReference; lastKnownFileType = folder; path = app; sourceTree = "<group>"; };
		CD62955C1BB2678900AE3A93 /* main.m */ = {isa = PBXFileReference; fileEncoding = 4; lastKnownFileType = sourcecode.c.objc; name = main.m; path = internal/main.m; sourceTree = SOURCE_ROOT; };
		CDD59A261BB43B5D00EC2671 /* build-debug.xcconfig */ = {isa = PBXFileReference; fileEncoding = 4; lastKnownFileType = text.xcconfig; path = "build-debug.xcconfig"; sourceTree = "<group>"; };
		CDD59A271BB43B5D00EC2671 /* build-release.xcconfig */ = {isa = PBXFileReference; fileEncoding = 4; lastKnownFileType = text.xcconfig; path = "build-release.xcconfig"; sourceTree = "<group>"; };
		CDF4743E1BA4855C0087EA85 /* build.xcconfig */ = {isa = PBXFileReference; fileEncoding = 4; lastKnownFileType = text.xcconfig; path = build.xcconfig; sourceTree = "<group>"; };
		DA21A9C1455B4ED98FF68A7F /* Assets.xcassets */ = {isa = PBXFileReference; explicitFileType = undefined; fileEncoding = undefined; includeInIndex = 0; lastKnownFileType = folder.assetcatalog; name = Assets.xcassets; path = ProblemSolver/Resources/Assets.xcassets; sourceTree = "<group>"; };
		DD080949C2DD42B08EE9701E /* delete@3x.png */ = {isa = PBXFileReference; explicitFileType = undefined; fileEncoding = undefined; includeInIndex = 0; lastKnownFileType = image.png; name = "delete@3x.png"; path = "ProblemSolver/Resources/delete@3x.png"; sourceTree = "<group>"; };
		DEDC35042C844F83986C7FD9 /* bg_inner@3x.jpg */ = {isa = PBXFileReference; explicitFileType = undefined; fileEncoding = undefined; includeInIndex = 0; lastKnownFileType = unknown; name = "bg_inner@3x.jpg"; path = "ProblemSolver/Resources/bg_inner@3x.jpg"; sourceTree = "<group>"; };
		DF751C1ACE384DEDAE0AA1C9 /* checked@2x.png */ = {isa = PBXFileReference; explicitFileType = undefined; fileEncoding = undefined; includeInIndex = 0; lastKnownFileType = image.png; name = "checked@2x.png"; path = "ProblemSolver/Resources/checked@2x.png"; sourceTree = "<group>"; };
		DFDD01FE91794C7E932B6416 /* recent@2x.png */ = {isa = PBXFileReference; explicitFileType = undefined; fileEncoding = undefined; includeInIndex = 0; lastKnownFileType = image.png; name = "recent@2x.png"; path = "ProblemSolver/Resources/recent@2x.png"; sourceTree = "<group>"; };
		E21A2CE428DF403CB0DEE4BA /* recent@3x.png */ = {isa = PBXFileReference; explicitFileType = undefined; fileEncoding = undefined; includeInIndex = 0; lastKnownFileType = image.png; name = "recent@3x.png"; path = "ProblemSolver/Resources/recent@3x.png"; sourceTree = "<group>"; };
		ECBA2604DA4F40F6AC05098C /* selected.png */ = {isa = PBXFileReference; explicitFileType = undefined; fileEncoding = undefined; includeInIndex = 0; lastKnownFileType = image.png; name = selected.png; path = ProblemSolver/Resources/selected.png; sourceTree = "<group>"; };
		EFEBD881102343E6BCCE01D0 /* logo_signup@2x.png */ = {isa = PBXFileReference; explicitFileType = undefined; fileEncoding = undefined; includeInIndex = 0; lastKnownFileType = image.png; name = "logo_signup@2x.png"; path = "ProblemSolver/Resources/logo_signup@2x.png"; sourceTree = "<group>"; };
		F141C89CA79C4760B61178EA /* checked@3x.png */ = {isa = PBXFileReference; explicitFileType = undefined; fileEncoding = undefined; includeInIndex = 0; lastKnownFileType = image.png; name = "checked@3x.png"; path = "ProblemSolver/Resources/checked@3x.png"; sourceTree = "<group>"; };
		F59497BF88D1486C8624D430 /* NativeScriptEmbedder.m */ = {isa = PBXFileReference; explicitFileType = undefined; fileEncoding = 4; includeInIndex = 0; lastKnownFileType = sourcecode.c.objc; name = NativeScriptEmbedder.m; path = "../../node_modules/tns-core-modules/platforms/ios/src/NativeScriptEmbedder.m"; sourceTree = "<group>"; };
		FD65C1A6C5A34E3B9112D014 /* checked_white@3x.png */ = {isa = PBXFileReference; explicitFileType = undefined; fileEncoding = undefined; includeInIndex = 0; lastKnownFileType = image.png; name = "checked_white@3x.png"; path = "ProblemSolver/Resources/checked_white@3x.png"; sourceTree = "<group>"; };
/* End PBXFileReference section */

/* Begin PBXFrameworksBuildPhase section */
		858B83F418CA22B800AB12DE /* Frameworks */ = {
			isa = PBXFrameworksBuildPhase;
			buildActionMask = 2147483647;
			files = (
				BD34F1E7C8C443538DE2DDB4 /* TNSWidgets.framework in Frameworks */,
				CDF40BB987D20B5E8C59F83C /* Pods_ProblemSolver.framework in Frameworks */,
			);
			runOnlyForDeploymentPostprocessing = 0;
		};
/* End PBXFrameworksBuildPhase section */

/* Begin PBXGroup section */
		57D171D734014E12A3BCBF25 /* TNSNativeSource */ = {
			isa = PBXGroup;
			children = (
			);
			name = TNSNativeSource;
			sourceTree = "<group>";
		};
		858B832518CA111C00AB12DE = {
			isa = PBXGroup;
			children = (
				E070579D1B39A9D000214BF1 /* Resources */,
				858B833718CA111C00AB12DE /* ProblemSolver */,
				858B833018CA111C00AB12DE /* Frameworks */,
				858B832F18CA111C00AB12DE /* Products */,
				57D171D734014E12A3BCBF25 /* TNSNativeSource */,
				C6DE2B298F904E7B9131E951 /* tns-core-modules */,
				EDCF0C43EF35985F2B72729A /* Pods */,
			);
			sourceTree = "<group>";
		};
		858B832F18CA111C00AB12DE /* Products */ = {
			isa = PBXGroup;
			children = (
				858B832E18CA111C00AB12DE /* ProblemSolver.app */,
				858B843318CA22B800AB12DE /* ProblemSolver.app */,
			);
			name = Products;
			sourceTree = "<group>";
		};
		858B833018CA111C00AB12DE /* Frameworks */ = {
			isa = PBXGroup;
			children = (
				552913C6081049379D5C64D5 /* TNSWidgets.framework */,
				9F93B5067C88AAA9C2229CC1 /* Pods_ProblemSolver.framework */,
			);
			name = Frameworks;
			sourceTree = "<group>";
		};
		858B833718CA111C00AB12DE /* ProblemSolver */ = {
			isa = PBXGroup;
			children = (
				CD45EE7A18DC2D5800FB50C0 /* app */,
				858B833818CA111C00AB12DE /* Supporting Files */,
			);
			path = ProblemSolver;
			sourceTree = "<group>";
		};
		858B833818CA111C00AB12DE /* Supporting Files */ = {
			isa = PBXGroup;
			children = (
				391174B821F1D99900BA2583 /* plugins-debug.xcconfig */,
				391174B721F1D99900BA2583 /* plugins-release.xcconfig */,
				391174B321F1CBD300BA2583 /* TNSDebugging.h */,
				391174B421F1CBD300BA2583 /* TNSExceptionHandler.h */,
				CDF4743E1BA4855C0087EA85 /* build.xcconfig */,
				CDD59A261BB43B5D00EC2671 /* build-debug.xcconfig */,
				CDD59A271BB43B5D00EC2671 /* build-release.xcconfig */,
				391174B521F1D7BF00BA2583 /* nativescript-build.xcconfig */,
				858B833918CA111C00AB12DE /* ProblemSolver-Info.plist */,
				858B833A18CA111C00AB12DE /* InfoPlist.strings */,
				CD62955C1BB2678900AE3A93 /* main.m */,
				858B833F18CA111C00AB12DE /* ProblemSolver-Prefix.pch */,
				930F05DB22671AE300D269DC /* Swift-ObjC-Bridging-Header.h */,
			);
			name = "Supporting Files";
			sourceTree = "<group>";
		};
		C6DE2B298F904E7B9131E951 /* tns-core-modules */ = {
			isa = PBXGroup;
			children = (
				8AAD9759C619415FADCCBA2A /* NativeScriptEmbedder.h */,
				F59497BF88D1486C8624D430 /* NativeScriptEmbedder.m */,
				AF7A4BF496774CCA96A18C6E /* module.modulemap */,
			);
			name = "tns-core-modules";
			sourceTree = "<group>";
		};
		E070579D1B39A9D000214BF1 /* Resources */ = {
			isa = PBXGroup;
			children = (
				DA21A9C1455B4ED98FF68A7F /* Assets.xcassets */,
				99B962368AAD4B0EA1A2E3FD /* LaunchScreen.storyboard */,
				89136E8132144AFF99359B5E /* add.png */,
				2CCBEA89A4E447F680864191 /* add@2x.png */,
				63D59AB7260F413BBC2C76AF /* add@3x.png */,
				B26373ACD86649228363E4F1 /* apple.png */,
				90D4D27E910C4B37B63E328F /* apple@2x.png */,
				7E4AF92539F6411F8A887F02 /* apple@3x.png */,
				3DC7B08F3B84453AAA030660 /* banana.png */,
				42E98184EECB4585AE1BDEBD /* banana@2x.png */,
				8FBCE7510084416B8505DF5F /* banana@3x.png */,
				BC02B96CC9274AC59E1C41BC /* bg_inner.jpg */,
				2A12C191D68C4740A1AFCA77 /* bg_inner@2x.jpg */,
				DEDC35042C844F83986C7FD9 /* bg_inner@3x.jpg */,
				CC35E0A74F81434CBBB3EE2A /* bg_login.jpg */,
				90CA432DD8B44DC4858F6F63 /* bg_login@2x.jpg */,
				44FB80FF6B8348639C7BAA10 /* bg_login@3x.jpg */,
				071A2BC56C4E46588FCDF5F4 /* build.xcconfig */,
				1EC8796F9C3C411D8DFDA7BC /* checked.png */,
				DF751C1ACE384DEDAE0AA1C9 /* checked@2x.png */,
				F141C89CA79C4760B61178EA /* checked@3x.png */,
				4B8BF001885C481B8053E07B /* checked_white.png */,
				6B6A76E57EDD43D9B8F7CFF9 /* checked_white@2x.png */,
				FD65C1A6C5A34E3B9112D014 /* checked_white@3x.png */,
				BFDD4FA3EDFB4608B6A80188 /* delete.png */,
				4B58DF2A2FE14904A69BBDB8 /* delete@2x.png */,
				DD080949C2DD42B08EE9701E /* delete@3x.png */,
				50B30B7E653B4F2CBBD743B5 /* logo_login.png */,
				9C5F0490D7A04358B7F006AF /* logo_login@2x.png */,
				063041B3320045A199430A2E /* logo_login@3x.png */,
				BE50A0460A2D495ABC87380D /* logo_signup.png */,
				EFEBD881102343E6BCCE01D0 /* logo_signup@2x.png */,
				51E81AAE91CC4C0781EEA523 /* logo_signup@3x.png */,
				317D120BE5444435A90D9230 /* menu.png */,
				686D27EEAC84422083F5F551 /* menu@2x.png */,
				2FEB05E6EA5B4EE397056721 /* menu@3x.png */,
				29E8CBD411FD4AF4892866E8 /* nonselected.png */,
				BB2269DCFC3041B98ADE2E2F /* nonselected@2x.png */,
				8AA757145D8642028884FFF8 /* nonselected@3x.png */,
				96274A6D43084FEC8F0AA7E5 /* pear.png */,
				0BC187009B3F48AA90983AFA /* pear@2x.png */,
				69F44B4B9EEF45B697C43373 /* pear@3x.png */,
				1AA30DC2CE1343849B1D8912 /* recent.png */,
				DFDD01FE91794C7E932B6416 /* recent@2x.png */,
				E21A2CE428DF403CB0DEE4BA /* recent@3x.png */,
				ECBA2604DA4F40F6AC05098C /* selected.png */,
				9A125D4FA04148FDBDF1C63A /* selected@2x.png */,
				99177E87199E45BA89631853 /* selected@3x.png */,
				76329797EA344EF69D9A9D44 /* unchecked.png */,
				8FF2DDBE62094962B9074505 /* unchecked@2x.png */,
				9C05470A213F4F278F765F73 /* unchecked@3x.png */,
				14394A510BC24F6FA8BA5349 /* unchecked_white.png */,
				157930BD1E114DFB8AE0FE1D /* unchecked_white@2x.png */,
				3F873A6E8BE643E0B881CB0B /* unchecked_white@3x.png */,
			);
			name = Resources;
			sourceTree = "<group>";
		};
		EDCF0C43EF35985F2B72729A /* Pods */ = {
			isa = PBXGroup;
			children = (
				577DD6CA85D4EECFD664D826 /* Pods-ProblemSolver.debug.xcconfig */,
				34B6CF22730B136A83E068AC /* Pods-ProblemSolver.release.xcconfig */,
			);
			name = Pods;
			path = Pods;
			sourceTree = "<group>";
		};
/* End PBXGroup section */

/* Begin PBXNativeTarget section */
		858B83EF18CA22B800AB12DE /* ProblemSolver */ = {
			isa = PBXNativeTarget;
			buildConfigurationList = 858B843018CA22B800AB12DE /* Build configuration list for PBXNativeTarget "ProblemSolver" */;
			buildPhases = (
				7539D0D8F9B5D24E40048986 /* [CP] Check Pods Manifest.lock */,
				C97FD7AC1ADE5369004DB2A4 /* NativeScript PreBuild */,
				858B83F218CA22B800AB12DE /* Sources */,
				CD62955B1BB2651D00AE3A93 /* NativeScript PreLink */,
				858B83F418CA22B800AB12DE /* Frameworks */,
				858B842C18CA22B800AB12DE /* Resources */,
				85F5BDFC1A9363BE006B9701 /* Embed Frameworks */,
				CD3EAD351B05FF060042DBFC /* NativeScript PostBuild */,
				744B7571B59213070E845898 /* [CP] Embed Pods Frameworks */,
			);
			buildRules = (
			);
			dependencies = (
			);
			name = ProblemSolver;
			productName = JDBridgeApp;
			productReference = 858B843318CA22B800AB12DE /* ProblemSolver.app */;
			productType = "com.apple.product-type.application";
		};
/* End PBXNativeTarget section */

/* Begin PBXProject section */
		858B832618CA111C00AB12DE /* Project object */ = {
			isa = PBXProject;
			attributes = {
				CLASSPREFIX = TNS;
				LastUpgradeCheck = 500;
				ORGANIZATIONNAME = Telerik;
				TargetAttributes = {
					858B83EF18CA22B800AB12DE = {
						DevelopmentTeam = T333W9F7KJ;
						ProvisioningStyle = Automatic;
					};
				};
			};
			buildConfigurationList = 858B832918CA111C00AB12DE /* Build configuration list for PBXProject "ProblemSolver" */;
			compatibilityVersion = "Xcode 3.2";
			developmentRegion = English;
			hasScannedForEncodings = 0;
			knownRegions = (
				en,
			);
			mainGroup = 858B832518CA111C00AB12DE;
			productRefGroup = 858B832F18CA111C00AB12DE /* Products */;
			projectDirPath = "";
			projectRoot = "";
			targets = (
				858B83EF18CA22B800AB12DE /* ProblemSolver */,
			);
		};
/* End PBXProject section */

/* Begin PBXResourcesBuildPhase section */
		858B842C18CA22B800AB12DE /* Resources */ = {
			isa = PBXResourcesBuildPhase;
			buildActionMask = 2147483647;
			files = (
				CD45EE7C18DC2D5800FB50C0 /* app in Resources */,
				858B842D18CA22B800AB12DE /* InfoPlist.strings in Resources */,
				7422075F1B59463EA8B1A4A9 /* Assets.xcassets in Resources */,
				EFAFB9D5D4074E979C46F646 /* LaunchScreen.storyboard in Resources */,
				480457FCB7D74D679CED464E /* add.png in Resources */,
				E44C782658354BD2AA767C4B /* add@2x.png in Resources */,
				82147404CAA340758D5BD020 /* add@3x.png in Resources */,
				019C7FD8A0674EA78DED51CA /* apple.png in Resources */,
				B84F004E8C9841248B1D8F7B /* apple@2x.png in Resources */,
				224D81D8B99B497DA7FC5482 /* apple@3x.png in Resources */,
				B5D3AE26BBB943A698A57980 /* banana.png in Resources */,
				FEAE800834614773BBA761AC /* banana@2x.png in Resources */,
				0E8EE04C799044B8A14AA9FF /* banana@3x.png in Resources */,
				93E24B8D49E64056AD8A09A6 /* bg_inner.jpg in Resources */,
				FCE81615D8694AD6885A701B /* bg_inner@2x.jpg in Resources */,
				A7603CACEC02420B9E1AE9EF /* bg_inner@3x.jpg in Resources */,
				C0E0501469D74AF79422E986 /* bg_login.jpg in Resources */,
				43563E6883F24B11A12D3A43 /* bg_login@2x.jpg in Resources */,
				C1637F9670E442B79D963B96 /* bg_login@3x.jpg in Resources */,
				D4670DFE0D8B4371B6A60BF0 /* build.xcconfig in Resources */,
				FDEE2A7C83944B88B3295BA0 /* checked.png in Resources */,
				06410BA0B6064FC082D1D6D5 /* checked@2x.png in Resources */,
				C7A40696F30E46C89EA126E8 /* checked@3x.png in Resources */,
				5D50442981524A339924D7E4 /* checked_white.png in Resources */,
				433709FC2ACC4746BEDC883A /* checked_white@2x.png in Resources */,
				9B0B5B8B5FD545FBB872EAD5 /* checked_white@3x.png in Resources */,
				FE1F4A4D02D448138AD1612D /* delete.png in Resources */,
				B2EF0500E220439695F426F0 /* delete@2x.png in Resources */,
				48860D79902540B49D66304A /* delete@3x.png in Resources */,
				DFF44BE222E14382AFF1AF36 /* logo_login.png in Resources */,
				26203F4553674CF0845F1020 /* logo_login@2x.png in Resources */,
				159233D492D64452840CD188 /* logo_login@3x.png in Resources */,
				2378593E92CD450E92485549 /* logo_signup.png in Resources */,
				903F114D9B354B668A1AD310 /* logo_signup@2x.png in Resources */,
				E3075A1F66024626BB07CEC4 /* logo_signup@3x.png in Resources */,
				7E8A49D8090A4868A9FC6F6B /* menu.png in Resources */,
				E484245AF13B4165BF8FCF0A /* menu@2x.png in Resources */,
				222B0D374A084E38915FB518 /* menu@3x.png in Resources */,
				7AF5C5B7D7B84A32A74ECEF4 /* nonselected.png in Resources */,
				EABFB65F1374442289FF1F0B /* nonselected@2x.png in Resources */,
				8BD35BD8A55F42DEA9858BA7 /* nonselected@3x.png in Resources */,
				C57AEAFE197144FEB96E67DB /* pear.png in Resources */,
				1DCAD963EBAB428187E9DC4B /* pear@2x.png in Resources */,
				7AB2B12ABB05430981BE1277 /* pear@3x.png in Resources */,
				D05127470801423E9D4A4ED4 /* recent.png in Resources */,
				BA28386D641F4171A79FAD62 /* recent@2x.png in Resources */,
				80118F6ED2EA4E65BCBB7A1C /* recent@3x.png in Resources */,
				937ED11F18F44000BED5DE49 /* selected.png in Resources */,
				A348B3BE86BC49558C6A9471 /* selected@2x.png in Resources */,
				7D1BD58E9A804EFBAFAA2250 /* selected@3x.png in Resources */,
				6C9129C86C9545A8815CACF5 /* unchecked.png in Resources */,
				5B53DBF35B66415E8CA96134 /* unchecked@2x.png in Resources */,
				380A119BE7D44CE6A2AECE8E /* unchecked@3x.png in Resources */,
				663DA42B2BCE4A3D8B0E7FD1 /* unchecked_white.png in Resources */,
				02E89F1421ED43788D1219CB /* unchecked_white@2x.png in Resources */,
				3F765B886023401481C7F2E1 /* unchecked_white@3x.png in Resources */,
			);
			runOnlyForDeploymentPostprocessing = 0;
		};
/* End PBXResourcesBuildPhase section */

/* Begin PBXShellScriptBuildPhase section */
		744B7571B59213070E845898 /* [CP] Embed Pods Frameworks */ = {
			isa = PBXShellScriptBuildPhase;
			buildActionMask = 2147483647;
			files = (
			);
			inputPaths = (
				"${PODS_ROOT}/Target Support Files/Pods-ProblemSolver/Pods-ProblemSolver-frameworks.sh",
				"${BUILT_PRODUCTS_DIR}/IQKeyboardManager/IQKeyboardManager.framework",
				"${BUILT_PRODUCTS_DIR}/MDFInternationalization/MDFInternationalization.framework",
				"${BUILT_PRODUCTS_DIR}/MaterialComponents/MaterialComponents.framework",
			);
			name = "[CP] Embed Pods Frameworks";
			outputPaths = (
				"${TARGET_BUILD_DIR}/${FRAMEWORKS_FOLDER_PATH}/IQKeyboardManager.framework",
				"${TARGET_BUILD_DIR}/${FRAMEWORKS_FOLDER_PATH}/MDFInternationalization.framework",
				"${TARGET_BUILD_DIR}/${FRAMEWORKS_FOLDER_PATH}/MaterialComponents.framework",
			);
			runOnlyForDeploymentPostprocessing = 0;
			shellPath = /bin/sh;
			shellScript = "\"${PODS_ROOT}/Target Support Files/Pods-ProblemSolver/Pods-ProblemSolver-frameworks.sh\"\n";
			showEnvVarsInLog = 0;
		};
		7539D0D8F9B5D24E40048986 /* [CP] Check Pods Manifest.lock */ = {
			isa = PBXShellScriptBuildPhase;
			buildActionMask = 2147483647;
			files = (
			);
			inputFileListPaths = (
			);
			inputPaths = (
				"${PODS_PODFILE_DIR_PATH}/Podfile.lock",
				"${PODS_ROOT}/Manifest.lock",
			);
			name = "[CP] Check Pods Manifest.lock";
			outputFileListPaths = (
			);
			outputPaths = (
				"$(DERIVED_FILE_DIR)/Pods-ProblemSolver-checkManifestLockResult.txt",
			);
			runOnlyForDeploymentPostprocessing = 0;
			shellPath = /bin/sh;
			shellScript = "diff \"${PODS_PODFILE_DIR_PATH}/Podfile.lock\" \"${PODS_ROOT}/Manifest.lock\" > /dev/null\nif [ $? != 0 ] ; then\n    # print error to STDERR\n    echo \"error: The sandbox is not in sync with the Podfile.lock. Run 'pod install' or update your CocoaPods installation.\" >&2\n    exit 1\nfi\n# This output is used by Xcode 'outputs' to avoid re-running this script phase.\necho \"SUCCESS\" > \"${SCRIPT_OUTPUT_FILE_0}\"\n";
			showEnvVarsInLog = 0;
		};
		C97FD7AC1ADE5369004DB2A4 /* NativeScript PreBuild */ = {
			isa = PBXShellScriptBuildPhase;
			buildActionMask = 2147483647;
			files = (
			);
			inputPaths = (
			);
			name = "NativeScript PreBuild";
			outputPaths = (
			);
			runOnlyForDeploymentPostprocessing = 0;
			shellPath = /bin/sh;
			shellScript = "\"$SRCROOT/internal/nativescript-pre-build\"\n";
			showEnvVarsInLog = 0;
		};
		CD3EAD351B05FF060042DBFC /* NativeScript PostBuild */ = {
			isa = PBXShellScriptBuildPhase;
			buildActionMask = 2147483647;
			files = (
			);
			inputPaths = (
			);
			name = "NativeScript PostBuild";
			outputPaths = (
			);
			runOnlyForDeploymentPostprocessing = 0;
			shellPath = /bin/sh;
			shellScript = "\"$SRCROOT/internal/nativescript-post-build\"";
			showEnvVarsInLog = 0;
		};
		CD62955B1BB2651D00AE3A93 /* NativeScript PreLink */ = {
			isa = PBXShellScriptBuildPhase;
			buildActionMask = 2147483647;
			files = (
			);
			inputPaths = (
			);
			name = "NativeScript PreLink";
			outputPaths = (
			);
			runOnlyForDeploymentPostprocessing = 0;
			shellPath = /bin/sh;
			shellScript = "\"$SRCROOT/internal/nativescript-pre-link\"";
			showEnvVarsInLog = 0;
		};
/* End PBXShellScriptBuildPhase section */

/* Begin PBXSourcesBuildPhase section */
		858B83F218CA22B800AB12DE /* Sources */ = {
			isa = PBXSourcesBuildPhase;
			buildActionMask = 2147483647;
			files = (
				CD62955D1BB2678900AE3A93 /* main.m in Sources */,
				06143F2AA32E4A15ADF9EADC /* NativeScriptEmbedder.m in Sources */,
			);
			runOnlyForDeploymentPostprocessing = 0;
		};
/* End PBXSourcesBuildPhase section */

/* Begin PBXVariantGroup section */
		858B833A18CA111C00AB12DE /* InfoPlist.strings */ = {
			isa = PBXVariantGroup;
			children = (
				858B833B18CA111C00AB12DE /* en */,
			);
			name = InfoPlist.strings;
			sourceTree = "<group>";
		};
/* End PBXVariantGroup section */

/* Begin XCBuildConfiguration section */
		858B835818CA111C00AB12DE /* Debug */ = {
			isa = XCBuildConfiguration;
			buildSettings = {
				ALWAYS_SEARCH_USER_PATHS = NO;
				ARCHS = "$(ARCHS_STANDARD)";
				CLANG_CXX_LANGUAGE_STANDARD = "gnu++0x";
				CLANG_CXX_LIBRARY = "libc++";
				CLANG_ENABLE_MODULES = YES;
				CLANG_ENABLE_OBJC_ARC = YES;
				CLANG_WARN_BOOL_CONVERSION = YES;
				CLANG_WARN_CONSTANT_CONVERSION = YES;
				CLANG_WARN_DIRECT_OBJC_ISA_USAGE = YES_ERROR;
				CLANG_WARN_EMPTY_BODY = YES;
				CLANG_WARN_ENUM_CONVERSION = YES;
				CLANG_WARN_INT_CONVERSION = YES;
				CLANG_WARN_OBJC_ROOT_CLASS = YES_ERROR;
				CLANG_WARN__DUPLICATE_METHOD_MATCH = YES;
				"CODE_SIGN_IDENTITY[sdk=iphoneos*]" = "iPhone Developer";
				COPY_PHASE_STRIP = NO;
				GCC_C_LANGUAGE_STANDARD = gnu99;
				GCC_DYNAMIC_NO_PIC = NO;
				GCC_OPTIMIZATION_LEVEL = 0;
				GCC_SYMBOLS_PRIVATE_EXTERN = NO;
				GCC_WARN_64_TO_32_BIT_CONVERSION = YES;
				GCC_WARN_ABOUT_RETURN_TYPE = YES_ERROR;
				GCC_WARN_UNDECLARED_SELECTOR = YES;
				GCC_WARN_UNINITIALIZED_AUTOS = YES;
				GCC_WARN_UNUSED_FUNCTION = YES;
				GCC_WARN_UNUSED_VARIABLE = YES;
				IPHONEOS_DEPLOYMENT_TARGET = 9.0;
				ONLY_ACTIVE_ARCH = YES;
				SDKROOT = iphoneos;
				STRIP_SWIFT_SYMBOLS = NO;
				SWIFT_OBJC_BRIDGING_HEADER = "$SRCROOT/internal/Swift-ObjC-Bridging-Header.h";
				SWIFT_VERSION = 4.2;
				TARGETED_DEVICE_FAMILY = "1,2";
			};
			name = Debug;
		};
		858B835918CA111C00AB12DE /* Release */ = {
			isa = XCBuildConfiguration;
			buildSettings = {
				ALWAYS_SEARCH_USER_PATHS = NO;
				ARCHS = "$(ARCHS_STANDARD)";
				CLANG_CXX_LANGUAGE_STANDARD = "gnu++0x";
				CLANG_CXX_LIBRARY = "libc++";
				CLANG_ENABLE_MODULES = YES;
				CLANG_ENABLE_OBJC_ARC = YES;
				CLANG_WARN_BOOL_CONVERSION = YES;
				CLANG_WARN_CONSTANT_CONVERSION = YES;
				CLANG_WARN_DIRECT_OBJC_ISA_USAGE = YES_ERROR;
				CLANG_WARN_EMPTY_BODY = YES;
				CLANG_WARN_ENUM_CONVERSION = YES;
				CLANG_WARN_INT_CONVERSION = YES;
				CLANG_WARN_OBJC_ROOT_CLASS = YES_ERROR;
				CLANG_WARN__DUPLICATE_METHOD_MATCH = YES;
				"CODE_SIGN_IDENTITY[sdk=iphoneos*]" = "iPhone Developer";
				COPY_PHASE_STRIP = YES;
				ENABLE_NS_ASSERTIONS = NO;
				GCC_C_LANGUAGE_STANDARD = gnu99;
				GCC_WARN_64_TO_32_BIT_CONVERSION = YES;
				GCC_WARN_ABOUT_RETURN_TYPE = YES_ERROR;
				GCC_WARN_UNDECLARED_SELECTOR = YES;
				GCC_WARN_UNINITIALIZED_AUTOS = YES;
				GCC_WARN_UNUSED_FUNCTION = YES;
				GCC_WARN_UNUSED_VARIABLE = YES;
				IPHONEOS_DEPLOYMENT_TARGET = 9.0;
				SDKROOT = iphoneos;
				STRIP_SWIFT_SYMBOLS = NO;
				SWIFT_OBJC_BRIDGING_HEADER = "$SRCROOT/internal/Swift-ObjC-Bridging-Header.h";
				SWIFT_VERSION = 4.2;
				TARGETED_DEVICE_FAMILY = "1,2";
				VALIDATE_PRODUCT = YES;
			};
			name = Release;
		};
		858B843118CA22B800AB12DE /* Debug */ = {
			isa = XCBuildConfiguration;
			baseConfigurationReference = CDD59A261BB43B5D00EC2671 /* build-debug.xcconfig */;
			buildSettings = {
				ARCHS = "$(ARCHS_STANDARD)";
				"CODE_SIGN_IDENTITY[sdk=iphoneos*]" = "iPhone Developer";
				DEVELOPMENT_TEAM = T333W9F7KJ;
				ENABLE_BITCODE = NO;
				FRAMEWORK_SEARCH_PATHS = (
					"$(inherited)",
					"\"$(SRCROOT)/../../node_modules/tns-core-modules-widgets/platforms/ios\"",
				);
				GCC_PRECOMPILE_PREFIX_HEADER = YES;
				GCC_PREFIX_HEADER = "ProblemSolver/ProblemSolver-Prefix.pch";
				GCC_PREPROCESSOR_DEFINITIONS = (
					"$(inherited)",
					"DEBUG=1",
				);
				HEADER_SEARCH_PATHS = (
					"$(inherited)",
					"\"$SRCROOT/internal/Swift-Modules\"",
					"\"$(SRCROOT)/internal\"",
					"\"$(SRCROOT)/../../app/App_Resources/iOS/src\"",
					"\"$(SRCROOT)/../../node_modules/tns-core-modules/platforms/ios/src\"",
				);
				INFOPLIST_FILE = "$(SRCROOT)/ProblemSolver/ProblemSolver-Info.plist";
				LD_RUNPATH_SEARCH_PATHS = "$(inherited) @executable_path/Frameworks";
				PRODUCT_BUNDLE_IDENTIFIER = org.nativescript.groceries;
				PRODUCT_NAME = ProblemSolver;
				WRAPPER_EXTENSION = app;
			};
			name = Debug;
		};
		858B843218CA22B800AB12DE /* Release */ = {
			isa = XCBuildConfiguration;
			baseConfigurationReference = CDD59A271BB43B5D00EC2671 /* build-release.xcconfig */;
			buildSettings = {
				ARCHS = "$(ARCHS_STANDARD)";
				"CODE_SIGN_IDENTITY[sdk=iphoneos*]" = "iPhone Developer";
				DEVELOPMENT_TEAM = T333W9F7KJ;
				ENABLE_BITCODE = NO;
				FRAMEWORK_SEARCH_PATHS = (
					"$(inherited)",
					"\"$(SRCROOT)/../../node_modules/tns-core-modules-widgets/platforms/ios\"",
				);
				GCC_PRECOMPILE_PREFIX_HEADER = YES;
				GCC_PREFIX_HEADER = "ProblemSolver/ProblemSolver-Prefix.pch";
				HEADER_SEARCH_PATHS = (
					"$(inherited)",
					"$SRCROOT/internal/Swift-Modules",
					"$(SRCROOT)/internal",
					"\"$(SRCROOT)/../../app/App_Resources/iOS/src\"",
					"\"$(SRCROOT)/../../node_modules/tns-core-modules/platforms/ios/src\"",
				);
				INFOPLIST_FILE = "$(SRCROOT)/ProblemSolver/ProblemSolver-Info.plist";
				LD_RUNPATH_SEARCH_PATHS = "$(inherited) @executable_path/Frameworks";
				PRODUCT_BUNDLE_IDENTIFIER = org.nativescript.groceries;
				PRODUCT_NAME = ProblemSolver;
				WRAPPER_EXTENSION = app;
			};
			name = Release;
		};
/* End XCBuildConfiguration section */

/* Begin XCConfigurationList section */
		858B832918CA111C00AB12DE /* Build configuration list for PBXProject "ProblemSolver" */ = {
			isa = XCConfigurationList;
			buildConfigurations = (
				858B835818CA111C00AB12DE /* Debug */,
				858B835918CA111C00AB12DE /* Release */,
			);
			defaultConfigurationIsVisible = 0;
			defaultConfigurationName = Release;
		};
		858B843018CA22B800AB12DE /* Build configuration list for PBXNativeTarget "ProblemSolver" */ = {
			isa = XCConfigurationList;
			buildConfigurations = (
				858B843118CA22B800AB12DE /* Debug */,
				858B843218CA22B800AB12DE /* Release */,
			);
			defaultConfigurationIsVisible = 0;
			defaultConfigurationName = Release;
		};
/* End XCConfigurationList section */
	};
	rootObject = 858B832618CA111C00AB12DE /* Project object */;
}
